// !$*UTF8*$!
{
	archiveVersion = 1;
	classes = {
	};
	objectVersion = 77;
	objects = {

/* Begin PBXBuildFile section */
		51B353472F5F9DC7009CC3D8 /* ShareSheet.swift in Sources */ = {isa = PBXBuildFile; fileRef = 51B353462F5F9DC7009CC3D8 /* ShareSheet.swift */; };
		51B353492F5F9DEA009CC3D8 /* MeasurementRecord.swift in Sources */ = {isa = PBXBuildFile; fileRef = 51B353482F5F9DEA009CC3D8 /* MeasurementRecord.swift */; };
		51B353502F5F9E5C009CC3D8 /* ARViewContainer 2.swift in Sources */ = {isa = PBXBuildFile; fileRef = 51B3534E2F5F9E5C009CC3D8 /* ARViewContainer 2.swift */; };
		51B353512F5F9E5C009CC3D8 /* LiDARSessionManager 2.swift in Sources */ = {isa = PBXBuildFile; fileRef = 51B3534F2F5F9E5C009CC3D8 /* LiDARSessionManager 2.swift */; };
		51B353532F5F9E99009CC3D8 /* Contents.json in Resources */ = {isa = PBXBuildFile; fileRef = 51B353522F5F9E99009CC3D8 /* Contents.json */; };
		51B353562F5F9EBC009CC3D8 /* MeasurementStore.swift in Sources */ = {isa = PBXBuildFile; fileRef = 51B353552F5F9EBC009CC3D8 /* MeasurementStore.swift */; };
		51B353582F5FA100009CC3D8 /* QuantumManager.swift in Sources */ = {isa = PBXBuildFile; fileRef = 51B353572F5FA100009CC3D8 /* QuantumManager.swift */; };
/* End PBXBuildFile section */

/* Begin PBXFileReference section */
		51B353222F5F9BE5009CC3D8 /* LiDARRangefinder.app */ = {isa = PBXFileReference; explicitFileType = wrapper.application; includeInIndex = 0; path = LiDARRangefinder.app; sourceTree = BUILT_PRODUCTS_DIR; };
		51B353462F5F9DC7009CC3D8 /* ShareSheet.swift */ = {isa = PBXFileReference; lastKnownFileType = sourcecode.swift; path = ShareSheet.swift; sourceTree = "<group>"; };
		51B353482F5F9DEA009CC3D8 /* MeasurementRecord.swift */ = {isa = PBXFileReference; lastKnownFileType = sourcecode.swift; path = MeasurementRecord.swift; sourceTree = "<group>"; };
		51B3534E2F5F9E5C009CC3D8 /* ARViewContainer 2.swift */ = {isa = PBXFileReference; lastKnownFileType = sourcecode.swift; path = "ARViewContainer 2.swift"; sourceTree = "<group>"; };
		51B3534F2F5F9E5C009CC3D8 /* LiDARSessionManager 2.swift */ = {isa = PBXFileReference; lastKnownFileType = sourcecode.swift; path = "LiDARSessionManager 2.swift"; sourceTree = "<group>"; };
		51B353522F5F9E99009CC3D8 /* Contents.json */ = {isa = PBXFileReference; lastKnownFileType = text.json; path = Contents.json; sourceTree = "<group>"; };
		51B353552F5F9EBC009CC3D8 /* MeasurementStore.swift */ = {isa = PBXFileReference; lastKnownFileType = sourcecode.swift; path = MeasurementStore.swift; sourceTree = "<group>"; };
		51B353572F5FA100009CC3D8 /* QuantumManager.swift */ = {isa = PBXFileReference; lastKnownFileType = sourcecode.swift; path = QuantumManager.swift; sourceTree = "<group>"; };
/* End PBXFileReference section */

/* Begin PBXFileSystemSynchronizedRootGroup section */
		51B353242F5F9BE5009CC3D8 /* LiDARRangefinder */ = {
			isa = PBXFileSystemSynchronizedRootGroup;
			path = LiDARRangefinder;
			sourceTree = "<group>";
		};
/* End PBXFileSystemSynchronizedRootGroup section */

/* Begin PBXFrameworksBuildPhase section */
		51B3531F2F5F9BE5009CC3D8 /* Frameworks */ = {
			isa = PBXFrameworksBuildPhase;
			buildActionMask = 2147483647;
			files = (
			);
			runOnlyForDeploymentPostprocessing = 0;
		};
/* End PBXFrameworksBuildPhase section */

/* Begin PBXGroup section */
		51B353192F5F9BE5009CC3D8 = {
			isa = PBXGroup;
			children = (
				51B353242F5F9BE5009CC3D8 /* LiDARRangefinder */,
				51B353232F5F9BE5009CC3D8 /* Products */,
				51B353462F5F9DC7009CC3D8 /* ShareSheet.swift */,
				51B353482F5F9DEA009CC3D8 /* MeasurementRecord.swift */,
				51B3534E2F5F9E5C009CC3D8 /* ARViewContainer 2.swift */,
				51B3534F2F5F9E5C009CC3D8 /* LiDARSessionManager 2.swift */,
				51B353572F5FA100009CC3D8 /* QuantumManager.swift */,
				51B353522F5F9E99009CC3D8 /* Contents.json */,
				51B353552F5F9EBC009CC3D8 /* MeasurementStore.swift */,
			);
			sourceTree = "<group>";
		};
		51B353232F5F9BE5009CC3D8 /* Products */ = {
			isa = PBXGroup;
			children = (
				51B353222F5F9BE5009CC3D8 /* LiDARRangefinder.app */,
			);
			name = Products;
			sourceTree = "<group>";
		};
/* End PBXGroup section */

/* Begin PBXNativeTarget section */
		51B353212F5F9BE5009CC3D8 /* LiDARRangefinder */ = {
			isa = PBXNativeTarget;
			buildConfigurationList = 51B3532D2F5F9BE8009CC3D8 /* Build configuration list for PBXNativeTarget "LiDARRangefinder" */;
			buildPhases = (
				51B3531E2F5F9BE5009CC3D8 /* Sources */,
				51B3531F2F5F9BE5009CC3D8 /* Frameworks */,
				51B353202F5F9BE5009CC3D8 /* Resources */,
			);
			buildRules = (
			);
			dependencies = (
			);
			fileSystemSynchronizedGroups = (
				51B353242F5F9BE5009CC3D8 /* LiDARRangefinder */,
			);
			name = LiDARRangefinder;
			packageProductDependencies = (
			);
			productName = LiDARRangefinder;
			productReference = 51B353222F5F9BE5009CC3D8 /* LiDARRangefinder.app */;
			productType = "com.apple.product-type.application";
		};
/* End PBXNativeTarget section */

/* Begin PBXProject section */
		51B3531A2F5F9BE5009CC3D8 /* Project object */ = {
			isa = PBXProject;
			attributes = {
				BuildIndependentTargetsInParallel = 1;
				LastSwiftUpdateCheck = 2630;
				LastUpgradeCheck = 2630;
				TargetAttributes = {
					51B353212F5F9BE5009CC3D8 = {
						CreatedOnToolsVersion = 26.3;
						LastSwiftMigration = 2630;
					};
				};
			};
			buildConfigurationList = 51B3531D2F5F9BE5009CC3D8 /* Build configuration list for PBXProject "LiDARRangefinder" */;
			developmentRegion = en;
			hasScannedForEncodings = 0;
			knownRegions = (
				en,
				Base,
			);
			mainGroup = 51B353192F5F9BE5009CC3D8;
			minimizedProjectReferenceProxies = 1;
			preferredProjectObjectVersion = 77;
			productRefGroup = 51B353232F5F9BE5009CC3D8 /* Products */;
			projectDirPath = "";
			projectRoot = "";
			targets = (
				51B353212F5F9BE5009CC3D8 /* LiDARRangefinder */,
			);
		};
/* End PBXProject section */

/* Begin PBXResourcesBuildPhase section */
		51B353202F5F9BE5009CC3D8 /* Resources */ = {
			isa = PBXResourcesBuildPhase;
			buildActionMask = 2147483647;
			files = (
				51B353532F5F9E99009CC3D8 /* Contents.json in Resources */,
			);
			runOnlyForDeploymentPostprocessing = 0;
		};
/* End PBXResourcesBuildPhase section */

/* Begin PBXSourcesBuildPhase section */
		51B3531E2F5F9BE5009CC3D8 /* Sources */ = {
			isa = PBXSourcesBuildPhase;
			buildActionMask = 2147483647;
			files = (
				51B353562F5F9EBC009CC3D8 /* MeasurementStore.swift in Sources */,
				51B353502F5F9E5C009CC3D8 /* ARViewContainer 2.swift in Sources */,
				51B353512F5F9E5C009CC3D8 /* LiDARSessionManager 2.swift in Sources */,
				51B353582F5FA100009CC3D8 /* QuantumManager.swift in Sources */,
				51B353472F5F9DC7009CC3D8 /* ShareSheet.swift in Sources */,
				51B353492F5F9DEA009CC3D8 /* MeasurementRecord.swift in Sources */,
			);
			runOnlyForDeploymentPostprocessing = 0;
		};
/* End PBXSourcesBuildPhase section */

/* Begin XCBuildConfiguration section */
		51B3532B2F5F9BE8009CC3D8 /* Debug */ = {
			isa = XCBuildConfiguration;
			buildSettings = {
				ALWAYS_SEARCH_USER_PATHS = NO;
				ASSETCATALOG_COMPILER_GENERATE_SWIFT_ASSET_SYMBOL_EXTENSIONS = YES;
				CLANG_ANALYZER_NONNULL = YES;
				CLANG_ANALYZER_NUMBER_OBJECT_CONVERSION = YES_AGGRESSIVE;
				CLANG_CXX_LANGUAGE_STANDARD = "gnu++20";
				CLANG_ENABLE_MODULES = YES;
				CLANG_ENABLE_OBJC_ARC = YES;
				CLANG_ENABLE_OBJC_WEAK = YES;
				CLANG_WARN_BLOCK_CAPTURE_AUTORELEASING = YES;
				CLANG_WARN_BOOL_CONVERSION = YES;
				CLANG_WARN_COMMA = YES;
				CLANG_WARN_CONSTANT_CONVERSION = YES;
				CLANG_WARN_DEPRECATED_OBJC_IMPLEMENTATIONS = YES;
				CLANG_WARN_DIRECT_OBJC_ISA_USAGE = YES_ERROR;
				CLANG_WARN_DOCUMENTATION_COMMENTS = YES;
				CLANG_WARN_EMPTY_BODY = YES;
				CLANG_WARN_ENUM_CONVERSION = YES;
				CLANG_WARN_INFINITE_RECURSION = YES;
				CLANG_WARN_INT_CONVERSION = YES;
				CLANG_WARN_NON_LITERAL_NULL_CONVERSION = YES;
				CLANG_WARN_OBJC_IMPLICIT_RETAIN_SELF = YES;
				CLANG_WARN_OBJC_LITERAL_CONVERSION = YES;
				CLANG_WARN_OBJC_ROOT_CLASS = YES_ERROR;
				CLANG_WARN_QUOTED_INCLUDE_IN_FRAMEWORK_HEADER = YES;
				CLANG_WARN_RANGE_LOOP_ANALYSIS = YES;
				CLANG_WARN_STRICT_PROTOTYPES = YES;
				CLANG_WARN_SUSPICIOUS_MOVE = YES;
				CLANG_WARN_UNGUARDED_AVAILABILITY = YES_AGGRESSIVE;
				CLANG_WARN_UNREACHABLE_CODE = YES;
				CLANG_WARN__DUPLICATE_METHOD_MATCH = YES;
				COPY_PHASE_STRIP = NO;
				DEBUG_INFORMATION_FORMAT = dwarf;
				DEVELOPMENT_TEAM = P38Z4DJL3K;
				ENABLE_STRICT_OBJC_MSGSEND = YES;
				ENABLE_TESTABILITY = YES;
				ENABLE_USER_SCRIPT_SANDBOXING = YES;
				GCC_C_LANGUAGE_STANDARD = gnu17;
				GCC_DYNAMIC_NO_PIC = NO;
				GCC_NO_COMMON_BLOCKS = YES;
				GCC_OPTIMIZATION_LEVEL = 0;
				GCC_PREPROCESSOR_DEFINITIONS = (
					"DEBUG=1",
					"$(inherited)",
				);
				GCC_WARN_64_TO_32_BIT_CONVERSION = YES;
				GCC_WARN_ABOUT_RETURN_TYPE = YES_ERROR;
				GCC_WARN_UNDECLARED_SELECTOR = YES;
				GCC_WARN_UNINITIALIZED_AUTOS = YES_AGGRESSIVE;
				GCC_WARN_UNUSED_FUNCTION = YES;
				GCC_WARN_UNUSED_VARIABLE = YES;
				IPHONEOS_DEPLOYMENT_TARGET = 26.2;
				LOCALIZATION_PREFERS_STRING_CATALOGS = YES;
				MTL_ENABLE_DEBUG_INFO = INCLUDE_SOURCE;
				MTL_FAST_MATH = YES;
				ONLY_ACTIVE_ARCH = YES;
				SDKROOT = iphoneos;
				SWIFT_ACTIVE_COMPILATION_CONDITIONS = "DEBUG $(inherited)";
				SWIFT_OPTIMIZATION_LEVEL = "-Onone";
			};
			name = Debug;
		};
		51B3532C2F5F9BE8009CC3D8 /* Release */ = {
			isa = XCBuildConfiguration;
			buildSettings = {
				ALWAYS_SEARCH_USER_PATHS = NO;
				ASSETCATALOG_COMPILER_GENERATE_SWIFT_ASSET_SYMBOL_EXTENSIONS = YES;
				CLANG_ANALYZER_NONNULL = YES;
				CLANG_ANALYZER_NUMBER_OBJECT_CONVERSION = YES_AGGRESSIVE;
				CLANG_CXX_LANGUAGE_STANDARD = "gnu++20";
				CLANG_ENABLE_MODULES = YES;
				CLANG_ENABLE_OBJC_ARC = YES;
				CLANG_ENABLE_OBJC_WEAK = YES;
				CLANG_WARN_BLOCK_CAPTURE_AUTORELEASING = YES;
				CLANG_WARN_BOOL_CONVERSION = YES;
				CLANG_WARN_COMMA = YES;
				CLANG_WARN_CONSTANT_CONVERSION = YES;
				CLANG_WARN_DEPRECATED_OBJC_IMPLEMENTATIONS = YES;
				CLANG_WARN_DIRECT_OBJC_ISA_USAGE = YES_ERROR;
				CLANG_WARN_DOCUMENTATION_COMMENTS = YES;
				CLANG_WARN_EMPTY_BODY = YES;
				CLANG_WARN_ENUM_CONVERSION = YES;
				CLANG_WARN_INFINITE_RECURSION = YES;
				CLANG_WARN_INT_CONVERSION = YES;
				CLANG_WARN_NON_LITERAL_NULL_CONVERSION = YES;
				CLANG_WARN_OBJC_IMPLICIT_RETAIN_SELF = YES;
				CLANG_WARN_OBJC_LITERAL_CONVERSION = YES;
				CLANG_WARN_OBJC_ROOT_CLASS = YES_ERROR;
				CLANG_WARN_QUOTED_INCLUDE_IN_FRAMEWORK_HEADER = YES;
				CLANG_WARN_RANGE_LOOP_ANALYSIS = YES;
				CLANG_WARN_STRICT_PROTOTYPES = YES;
				CLANG_WARN_SUSPICIOUS_MOVE = YES;
				CLANG_WARN_UNGUARDED_AVAILABILITY = YES_AGGRESSIVE;
				CLANG_WARN_UNREACHABLE_CODE = YES;
				CLANG_WARN__DUPLICATE_METHOD_MATCH = YES;
				COPY_PHASE_STRIP = NO;
				DEBUG_INFORMATION_FORMAT = "dwarf-with-dsym";
				DEVELOPMENT_TEAM = P38Z4DJL3K;
				ENABLE_NS_ASSERTIONS = NO;
				ENABLE_STRICT_OBJC_MSGSEND = YES;
				ENABLE_USER_SCRIPT_SANDBOXING = YES;
				GCC_C_LANGUAGE_STANDARD = gnu17;
				GCC_NO_COMMON_BLOCKS = YES;
				GCC_WARN_64_TO_32_BIT_CONVERSION = YES;
				GCC_WARN_ABOUT_RETURN_TYPE = YES_ERROR;
				GCC_WARN_UNDECLARED_SELECTOR = YES;
				GCC_WARN_UNINITIALIZED_AUTOS = YES_AGGRESSIVE;
				GCC_WARN_UNUSED_FUNCTION = YES;
				GCC_WARN_UNUSED_VARIABLE = YES;
				IPHONEOS_DEPLOYMENT_TARGET = 26.2;
				LOCALIZATION_PREFERS_STRING_CATALOGS = YES;
				MTL_ENABLE_DEBUG_INFO = NO;
				MTL_FAST_MATH = YES;
				SDKROOT = iphoneos;
				SWIFT_COMPILATION_MODE = wholemodule;
				VALIDATE_PRODUCT = YES;
			};
			name = Release;
		};
		51B3532E2F5F9BE8009CC3D8 /* Debug */ = {
			isa = XCBuildConfiguration;
			buildSettings = {
				ASSETCATALOG_COMPILER_APPICON_NAME = AppIcon;
				ASSETCATALOG_COMPILER_GLOBAL_ACCENT_COLOR_NAME = AccentColor;
				CLANG_ENABLE_MODULES = YES;
				CODE_SIGN_STYLE = Automatic;
				CURRENT_PROJECT_VERSION = 96;
				DEVELOPMENT_TEAM = P38Z4DJL3K;
				ENABLE_PREVIEWS = YES;
				GENERATE_INFOPLIST_FILE = YES;
				INFOPLIST_KEY_CFBundleDisplayName = "Construction Master";
				INFOPLIST_KEY_LSApplicationCategoryType = "";
				INFOPLIST_KEY_NSAppTransportSecurity_NSAllowsArbitraryLoads = NO;
				INFOPLIST_KEY_NSCameraUsageDescription = "需要使用相機進行工地雷射測量";
				INFOPLIST_KEY_NSMicrophoneUsageDescription = "需要麥克風接收核心引擎語音口令";
				INFOPLIST_KEY_NSPhotoLibraryAddUsageDescription = "需要將工地量測截圖儲存到相簿，方便保存與分享紀錄";
				INFOPLIST_KEY_NSSpeechRecognitionUsageDescription = "需要語音辨識啟用核心引擎戰術模式";
				INFOPLIST_KEY_UIApplicationSceneManifest_Generation = YES;
				INFOPLIST_KEY_UIApplicationSupportsIndirectInputEvents = YES;
				INFOPLIST_KEY_UILaunchScreen_Generation = YES;
				INFOPLIST_KEY_UISupportedInterfaceOrientations_iPad = "UIInterfaceOrientationPortrait UIInterfaceOrientationPortraitUpsideDown UIInterfaceOrientationLandscapeLeft UIInterfaceOrientationLandscapeRight";
				INFOPLIST_KEY_UISupportedInterfaceOrientations_iPhone = "UIInterfaceOrientationPortrait UIInterfaceOrientationLandscapeLeft UIInterfaceOrientationLandscapeRight";
				LD_RUNPATH_SEARCH_PATHS = (
					"$(inherited)",
					"@executable_path/Frameworks",
				);
				MARKETING_VERSION = 9.6;
				PRODUCT_BUNDLE_IDENTIFIER = com.aji.buildmaster.LiDARRangefinder;
				PRODUCT_NAME = "$(TARGET_NAME)";
				STRING_CATALOG_GENERATE_SYMBOLS = YES;
				SWIFT_APPROACHABLE_CONCURRENCY = YES;
				SWIFT_DEFAULT_ACTOR_ISOLATION = MainActor;
				SWIFT_EMIT_LOC_STRINGS = YES;
				SWIFT_OBJC_BRIDGING_HEADER = "LiDARRangefinder/LiDARRangefinder-Bridging-Header.h";
				SWIFT_OPTIMIZATION_LEVEL = "-Onone";
				SWIFT_UPCOMING_FEATURE_MEMBER_IMPORT_VISIBILITY = YES;
				SWIFT_VERSION = 5.0;
				TARGETED_DEVICE_FAMILY = "1,2";
			};
			name = Debug;
		};
		51B3532F2F5F9BE8009CC3D8 /* Release */ = {
			isa = XCBuildConfiguration;
			buildSettings = {
				ASSETCATALOG_COMPILER_APPICON_NAME = AppIcon;
				ASSETCATALOG_COMPILER_GLOBAL_ACCENT_COLOR_NAME = AccentColor;
				CLANG_ENABLE_MODULES = YES;
				CODE_SIGN_STYLE = Automatic;
				CURRENT_PROJECT_VERSION = 96;
				DEVELOPMENT_TEAM = P38Z4DJL3K;
				ENABLE_PREVIEWS = YES;
				GENERATE_INFOPLIST_FILE = YES;
				INFOPLIST_KEY_CFBundleDisplayName = "Construction Master";
				INFOPLIST_KEY_LSApplicationCategoryType = "";
				INFOPLIST_KEY_NSAppTransportSecurity_NSAllowsArbitraryLoads = NO;
				INFOPLIST_KEY_NSCameraUsageDescription = "需要使用相機進行工地雷射測量";
				INFOPLIST_KEY_NSMicrophoneUsageDescription = "需要麥克風接收核心引擎語音口令";
				INFOPLIST_KEY_NSPhotoLibraryAddUsageDescription = "需要將工地量測截圖儲存到相簿，方便保存與分享紀錄";
				INFOPLIST_KEY_NSSpeechRecognitionUsageDescription = "需要語音辨識啟用核心引擎戰術模式";
				INFOPLIST_KEY_UIApplicationSceneManifest_Generation = YES;
				INFOPLIST_KEY_UIApplicationSupportsIndirectInputEvents = YES;
				INFOPLIST_KEY_UILaunchScreen_Generation = YES;
				INFOPLIST_KEY_UISupportedInterfaceOrientations_iPad = "UIInterfaceOrientationPortrait UIInterfaceOrientationPortraitUpsideDown UIInterfaceOrientationLandscapeLeft UIInterfaceOrientationLandscapeRight";
				INFOPLIST_KEY_UISupportedInterfaceOrientations_iPhone = "UIInterfaceOrientationPortrait UIInterfaceOrientationLandscapeLeft UIInterfaceOrientationLandscapeRight";
				LD_RUNPATH_SEARCH_PATHS = (
					"$(inherited)",
					"@executable_path/Frameworks",
				);
				MARKETING_VERSION = 9.6;
				PRODUCT_BUNDLE_IDENTIFIER = com.aji.buildmaster.LiDARRangefinder;
				PRODUCT_NAME = "$(TARGET_NAME)";
				STRING_CATALOG_GENERATE_SYMBOLS = YES;
				SWIFT_APPROACHABLE_CONCURRENCY = YES;
				SWIFT_DEFAULT_ACTOR_ISOLATION = MainActor;
				SWIFT_EMIT_LOC_STRINGS = YES;
				SWIFT_OBJC_BRIDGING_HEADER = "LiDARRangefinder/LiDARRangefinder-Bridging-Header.h";
				SWIFT_UPCOMING_FEATURE_MEMBER_IMPORT_VISIBILITY = YES;
				SWIFT_VERSION = 5.0;
				TARGETED_DEVICE_FAMILY = "1,2";
			};
			name = Release;
		};
/* End XCBuildConfiguration section */

/* Begin XCConfigurationList section */
		51B3531D2F5F9BE5009CC3D8 /* Build configuration list for PBXProject "LiDARRangefinder" */ = {
			isa = XCConfigurationList;
			buildConfigurations = (
				51B3532B2F5F9BE8009CC3D8 /* Debug */,
				51B3532C2F5F9BE8009CC3D8 /* Release */,
			);
			defaultConfigurationIsVisible = 0;
			defaultConfigurationName = Release;
		};
		51B3532D2F5F9BE8009CC3D8 /* Build configuration list for PBXNativeTarget "LiDARRangefinder" */ = {
			isa = XCConfigurationList;
			buildConfigurations = (
				51B3532E2F5F9BE8009CC3D8 /* Debug */,
				51B3532F2F5F9BE8009CC3D8 /* Release */,
			);
			defaultConfigurationIsVisible = 0;
			defaultConfigurationName = Release;
		};
/* End XCConfigurationList section */
	};
	rootObject = 51B3531A2F5F9BE5009CC3D8 /* Project object */;
}
